
Microsoft Visual Studio Solution File, Format Version 12.00
# Visual Studio Version 16
VisualStudioVersion = 16.0.31702.278
MinimumVisualStudioVersion = 10.0.40219.1
Project("{FAE04EC0-301F-11D3-BF4B-00C04F79EFBC}") = "Api_PazVida", "Api_PazVida\Api_PazVida.csproj", "{FEDFA821-66C5-4F54-BE2D-93FE99174043}"
EndProject
Global
	GlobalSection(SolutionConfigurationPlatforms) = preSolution
		Debug|Any CPU = Debug|Any CPU
		Release|Any CPU = Release|Any CPU
	EndGlobalSection
	GlobalSection(ProjectConfigurationPlatforms) = postSolution
		{FEDFA821-66C5-4F54-BE2D-93FE99174043}.Debug|Any CPU.ActiveCfg = Debug|Any CPU
		{FEDFA821-66C5-4F54-BE2D-93FE99174043}.Debug|Any CPU.Build.0 = Debug|Any CPU
		{FEDFA821-66C5-4F54-BE2D-93FE99174043}.Release|Any CPU.ActiveCfg = Release|Any CPU
		{FEDFA821-66C5-4F54-BE2D-93FE99174043}.Release|Any CPU.Build.0 = Release|Any CPU
	EndGlobalSection
	GlobalSection(SolutionProperties) = preSolution
		HideSolutionNode = FALSE
	EndGlobalSection
	GlobalSection(ExtensibilityGlobals) = postSolution
		SolutionGuid = {E18D53E8-6C7C-4EE4-BD44-78A7A4618C49}
	EndGlobalSection
EndGlobal
